
Microsoft Visual Studio Solution File, Format Version 12.00
# Visual Studio Version 16
VisualStudioVersion = 16.0.30011.22
MinimumVisualStudioVersion = 10.0.40219.1
Project("{FAE04EC0-301F-11D3-BF4B-00C04F79EFBC}") = "MarketBoardPlugin", "MarketBoardPlugin\MarketBoardPlugin.csproj", "{F28274C3-D3DC-46BE-B770-C888C57BF261}"
EndProject
Project("{FAE04EC0-301F-11D3-BF4B-00C04F79EFBC}") = "MarketBoardPlugin.Tests", "MarketBoardPlugin.Tests\MarketBoardPlugin.Tests.csproj", "{27D967C4-5669-4319-A2E4-53DEF942E931}"
EndProject
Global
	GlobalSection(SolutionConfigurationPlatforms) = preSolution
		Debug|Any CPU = Debug|Any CPU
		Release|Any CPU = Release|Any CPU
	EndGlobalSection
	GlobalSection(ProjectConfigurationPlatforms) = postSolution
		{F28274C3-D3DC-46BE-B770-C888C57BF261}.Debug|Any CPU.ActiveCfg = Debug|Any CPU
		{F28274C3-D3DC-46BE-B770-C888C57BF261}.Debug|Any CPU.Build.0 = Debug|Any CPU
		{F28274C3-D3DC-46BE-B770-C888C57BF261}.Release|Any CPU.ActiveCfg = Release|Any CPU
		{F28274C3-D3DC-46BE-B770-C888C57BF261}.Release|Any CPU.Build.0 = Release|Any CPU
		{27D967C4-5669-4319-A2E4-53DEF942E931}.Debug|Any CPU.ActiveCfg = Debug|Any CPU
		{27D967C4-5669-4319-A2E4-53DEF942E931}.Debug|Any CPU.Build.0 = Debug|Any CPU
		{27D967C4-5669-4319-A2E4-53DEF942E931}.Release|Any CPU.ActiveCfg = Release|Any CPU
		{27D967C4-5669-4319-A2E4-53DEF942E931}.Release|Any CPU.Build.0 = Release|Any CPU
	EndGlobalSection
	GlobalSection(SolutionProperties) = preSolution
		HideSolutionNode = FALSE
	EndGlobalSection
	GlobalSection(ExtensibilityGlobals) = postSolution
		SolutionGuid = {10AFBCD5-666B-47FE-BAAD-D9FF10833503}
	EndGlobalSection
EndGlobal
