
Microsoft Visual Studio Solution File, Format Version 12.00
# Visual Studio Version 17
VisualStudioVersion = 17.0.32002.185
MinimumVisualStudioVersion = 10.0.40219.1
Project("{9A19103F-16F7-4668-BE54-9A1E7A4F7556}") = "MarketBoardPlugin", "MarketBoardPlugin\MarketBoardPlugin.csproj", "{F28274C3-D3DC-46BE-B770-C888C57BF261}"
EndProject
Project("{9A19103F-16F7-4668-BE54-9A1E7A4F7556}") = "MarketBoardPlugin.Tests", "MarketBoardPlugin.Tests\MarketBoardPlugin.Tests.csproj", "{27D967C4-5669-4319-A2E4-53DEF942E931}"
EndProject
Global
	GlobalSection(SolutionConfigurationPlatforms) = preSolution
		Debug|x64 = Debug|x64
		Release|x64 = Release|x64
	EndGlobalSection
	GlobalSection(ProjectConfigurationPlatforms) = postSolution
		{F28274C3-D3DC-46BE-B770-C888C57BF261}.Debug|x64.ActiveCfg = Debug|x64
		{F28274C3-D3DC-46BE-B770-C888C57BF261}.Debug|x64.Build.0 = Debug|x64
		{F28274C3-D3DC-46BE-B770-C888C57BF261}.Release|x64.ActiveCfg = Release|x64
		{F28274C3-D3DC-46BE-B770-C888C57BF261}.Release|x64.Build.0 = Release|x64
		{27D967C4-5669-4319-A2E4-53DEF942E931}.Debug|x64.ActiveCfg = Debug|x64
		{27D967C4-5669-4319-A2E4-53DEF942E931}.Debug|x64.Build.0 = Debug|x64
		{27D967C4-5669-4319-A2E4-53DEF942E931}.Release|x64.ActiveCfg = Release|x64
		{27D967C4-5669-4319-A2E4-53DEF942E931}.Release|x64.Build.0 = Release|x64
	EndGlobalSection
	GlobalSection(SolutionProperties) = preSolution
		HideSolutionNode = FALSE
	EndGlobalSection
	GlobalSection(ExtensibilityGlobals) = postSolution
		SolutionGuid = {10AFBCD5-666B-47FE-BAAD-D9FF10833503}
	EndGlobalSection
EndGlobal
