{
  "version": 1,
  "dependencies": {
    "net7.0-windows7.0": {
      "Dalamud.ContextMenu": {
        "type": "Direct",
        "requested": "[1.2.1, )",
        "resolved": "1.2.1",
        "contentHash": "RiBkn1OYRTnVbfUGYolLBE8MOeXjok+JiZaryb27oGa7YARCTu0XgUzkRiCglujknsHOn5kAaXsT3TUJmqMigg=="
      },
      "DalamudPackager": {
        "type": "Direct",
        "requested": "[2.1.10, )",
        "resolved": "2.1.10",
        "contentHash": "S6NrvvOnLgT4GDdgwuKVJjbFo+8ZEj+JsEYk9ojjOR/MMfv1dIFpT8aRJQfI24rtDcw1uF+GnSSMN4WW1yt7fw=="
      },
      "MSBuildGitHash": {
        "type": "Direct",
        "requested": "[2.0.2, )",
        "resolved": "2.0.2",
        "contentHash": "1gA7vw5Wc4w6/H2IDVFx69LGQndIyTSsBOTL1BO1lAjzyWl6LUi24gtST8Bh5yd/793patMZyO7Ym4Kg19p+VA=="
      },
      "StyleCop.Analyzers": {
        "type": "Direct",
        "requested": "[1.2.0-beta.376, )",
        "resolved": "1.2.0-beta.376",
        "contentHash": "uaaVoOYWfIMoWtZsNJwV0m/GI3XAi8BA71e9iBOFDPo3TtAmcGkZ2qcxItkWb6eKI90urOPmxc35BnuhluC1IA==",
        "dependencies": {
          "StyleCop.Analyzers.Unstable": "1.2.0.376"
        }
      },
      "StyleCop.Analyzers.Unstable": {
        "type": "Transitive",
        "resolved": "1.2.0.376",
        "contentHash": "a009jDRd7zP6h+jenZ7nGjqkkFkEuxmT9FeM334cLDwodfU2x/nNcsFqw2Pjd4wVPiyX+qjLq+vhhbE3OPzFMw=="
      }
    }
  }
}